
Microsoft Visual Studio Solution File, Format Version 12.00
# Visual Studio Version 17
VisualStudioVersion = 17.3.32929.385
MinimumVisualStudioVersion = 10.0.40219.1
Project("{FAE04EC0-301F-11D3-BF4B-00C04F79EFBC}") = "10.1.4", "10.1.4\10.1.4.csproj", "{CA44816A-A535-4E86-9493-823342D4729F}"
EndProject
Global
	GlobalSection(SolutionConfigurationPlatforms) = preSolution
		Debug|Any CPU = Debug|Any CPU
		Release|Any CPU = Release|Any CPU
	EndGlobalSection
	GlobalSection(ProjectConfigurationPlatforms) = postSolution
		{CA44816A-A535-4E86-9493-823342D4729F}.Debug|Any CPU.ActiveCfg = Debug|Any CPU
		{CA44816A-A535-4E86-9493-823342D4729F}.Debug|Any CPU.Build.0 = Debug|Any CPU
		{CA44816A-A535-4E86-9493-823342D4729F}.Release|Any CPU.ActiveCfg = Release|Any CPU
		{CA44816A-A535-4E86-9493-823342D4729F}.Release|Any CPU.Build.0 = Release|Any CPU
	EndGlobalSection
	GlobalSection(SolutionProperties) = preSolution
		HideSolutionNode = FALSE
	EndGlobalSection
	GlobalSection(ExtensibilityGlobals) = postSolution
		SolutionGuid = {6A0D2D0B-040F-4EEA-9049-CE1AB4F448B1}
	EndGlobalSection
EndGlobal
